
Microsoft Visual Studio Solution File, Format Version 12.00
# Visual Studio Version 16
VisualStudioVersion = 16.0.28729.10
MinimumVisualStudioVersion = 10.0.40219.1
Project("{FAE04EC0-301F-11D3-BF4B-00C04F79EFBC}") = "businessEntities", "businessEntities\businessEntities.csproj", "{2D125F61-001C-4D9F-A396-0ED096BF1645}"
EndProject
Project("{F184B08F-C81C-45F6-A57F-5ABD9991F28F}") = "CPEEnvio", "CPEEnvio\CPEEnvio.vbproj", "{978AD6C1-2AC5-48C2-8C4D-8C3E698B7CD8}"
EndProject
Project("{F184B08F-C81C-45F6-A57F-5ABD9991F28F}") = "CrearXML", "CrearXML\CrearXML.vbproj", "{B91E6D9A-A197-4BFE-A4DD-EC81A1D99E32}"
EndProject
Project("{FAE04EC0-301F-11D3-BF4B-00C04F79EFBC}") = "Signature", "Signature\Signature.csproj", "{F5F5499D-1B00-47AC-8876-DCFF37E8E320}"
EndProject
Project("{9A19103F-16F7-4668-BE54-9A1E7A4F7556}") = "WebServiceBlazor", "WebServiceBlazor\WebServiceBlazor.csproj", "{BE7F0AF5-5705-441C-8682-1CFB2B6DD0CB}"
EndProject
Global
	GlobalSection(SolutionConfigurationPlatforms) = preSolution
		Debug|Any CPU = Debug|Any CPU
		Release|Any CPU = Release|Any CPU
	EndGlobalSection
	GlobalSection(ProjectConfigurationPlatforms) = postSolution
		{2D125F61-001C-4D9F-A396-0ED096BF1645}.Debug|Any CPU.ActiveCfg = Debug|Any CPU
		{2D125F61-001C-4D9F-A396-0ED096BF1645}.Debug|Any CPU.Build.0 = Debug|Any CPU
		{2D125F61-001C-4D9F-A396-0ED096BF1645}.Release|Any CPU.ActiveCfg = Release|Any CPU
		{2D125F61-001C-4D9F-A396-0ED096BF1645}.Release|Any CPU.Build.0 = Release|Any CPU
		{978AD6C1-2AC5-48C2-8C4D-8C3E698B7CD8}.Debug|Any CPU.ActiveCfg = Debug|Any CPU
		{978AD6C1-2AC5-48C2-8C4D-8C3E698B7CD8}.Debug|Any CPU.Build.0 = Debug|Any CPU
		{978AD6C1-2AC5-48C2-8C4D-8C3E698B7CD8}.Release|Any CPU.ActiveCfg = Release|Any CPU
		{978AD6C1-2AC5-48C2-8C4D-8C3E698B7CD8}.Release|Any CPU.Build.0 = Release|Any CPU
		{B91E6D9A-A197-4BFE-A4DD-EC81A1D99E32}.Debug|Any CPU.ActiveCfg = Debug|Any CPU
		{B91E6D9A-A197-4BFE-A4DD-EC81A1D99E32}.Debug|Any CPU.Build.0 = Debug|Any CPU
		{B91E6D9A-A197-4BFE-A4DD-EC81A1D99E32}.Release|Any CPU.ActiveCfg = Release|Any CPU
		{B91E6D9A-A197-4BFE-A4DD-EC81A1D99E32}.Release|Any CPU.Build.0 = Release|Any CPU
		{F5F5499D-1B00-47AC-8876-DCFF37E8E320}.Debug|Any CPU.ActiveCfg = Debug|Any CPU
		{F5F5499D-1B00-47AC-8876-DCFF37E8E320}.Debug|Any CPU.Build.0 = Debug|Any CPU
		{F5F5499D-1B00-47AC-8876-DCFF37E8E320}.Release|Any CPU.ActiveCfg = Release|Any CPU
		{F5F5499D-1B00-47AC-8876-DCFF37E8E320}.Release|Any CPU.Build.0 = Release|Any CPU
		{BE7F0AF5-5705-441C-8682-1CFB2B6DD0CB}.Debug|Any CPU.ActiveCfg = Debug|Any CPU
		{BE7F0AF5-5705-441C-8682-1CFB2B6DD0CB}.Debug|Any CPU.Build.0 = Debug|Any CPU
		{BE7F0AF5-5705-441C-8682-1CFB2B6DD0CB}.Release|Any CPU.ActiveCfg = Release|Any CPU
		{BE7F0AF5-5705-441C-8682-1CFB2B6DD0CB}.Release|Any CPU.Build.0 = Release|Any CPU
	EndGlobalSection
	GlobalSection(SolutionProperties) = preSolution
		HideSolutionNode = FALSE
	EndGlobalSection
	GlobalSection(ExtensibilityGlobals) = postSolution
		SolutionGuid = {046DCAE4-9857-4A73-B868-3F5363746FF3}
	EndGlobalSection
EndGlobal
